github.com/aiomonitors/godiscord v0.0.0-20200422003858-41242d4e5847 h1:Yxc0g65+HtqHRHCTv+Pij/BCznlcrW5YHySEFKuz8fU=
github.com/aiomonitors/godiscord v0.0.0-20200422003858-41242d4e5847/go.mod h1:LXgHQsyfPhr3tpaib4yKCX7vaeSlAZSHfbb02DvXw5g=
github.com/buger/jsonparser v1.1.1 h1:2PnMjfWD7wBILjqQbt530v576A/cAbQvEW9gGIpYMUs=
github.com/buger/jsonparser v1.1.1/go.mod h1:6RYKKt7H4d4+iWqouImQ9R2FZql3VbhNgx27UK13J/0=
